
Microsoft Visual Studio Solution File, Format Version 12.00
# Visual Studio 2012
Project("{FAE04EC0-301F-11D3-BF4B-00C04F79EFBC}") = "TesteCriptografia", "TesteCriptografia\TesteCriptografia.csproj", "{53CE3772-86A3-4BEF-B4A3-3EF86FF4675C}"
EndProject
Global
	GlobalSection(SolutionConfigurationPlatforms) = preSolution
		Debug|Any CPU = Debug|Any CPU
		Release|Any CPU = Release|Any CPU
	EndGlobalSection
	GlobalSection(ProjectConfigurationPlatforms) = postSolution
		{53CE3772-86A3-4BEF-B4A3-3EF86FF4675C}.Debug|Any CPU.ActiveCfg = Debug|Any CPU
		{53CE3772-86A3-4BEF-B4A3-3EF86FF4675C}.Debug|Any CPU.Build.0 = Debug|Any CPU
		{53CE3772-86A3-4BEF-B4A3-3EF86FF4675C}.Release|Any CPU.ActiveCfg = Release|Any CPU
		{53CE3772-86A3-4BEF-B4A3-3EF86FF4675C}.Release|Any CPU.Build.0 = Release|Any CPU
	EndGlobalSection
	GlobalSection(SolutionProperties) = preSolution
		HideSolutionNode = FALSE
	EndGlobalSection
EndGlobal
